
Microsoft Visual Studio Solution File, Format Version 12.00
# Visual Studio 15
VisualStudioVersion = 15.0.27130.2036
MinimumVisualStudioVersion = 10.0.40219.1
Project("{9A19103F-16F7-4668-BE54-9A1E7A4F7556}") = "BLL", "src\BLL\BLL.csproj", "{3A23D3E3-DACF-417C-8711-31935C5D053D}"
EndProject
Project("{9A19103F-16F7-4668-BE54-9A1E7A4F7556}") = "DLL", "src\DLL\DLL.csproj", "{EBC2DAA1-0E19-4D23-B544-245A765DB350}"
EndProject
Project("{9A19103F-16F7-4668-BE54-9A1E7A4F7556}") = "GoodNight", "src\Back + Front\GoodNight.csproj", "{6F19D5A4-8057-46C3-9CF4-4B6581FD8F39}"
EndProject
Global
	GlobalSection(SolutionConfigurationPlatforms) = preSolution
		Debug|Any CPU = Debug|Any CPU
		Release|Any CPU = Release|Any CPU
	EndGlobalSection
	GlobalSection(ProjectConfigurationPlatforms) = postSolution
		{3A23D3E3-DACF-417C-8711-31935C5D053D}.Debug|Any CPU.ActiveCfg = Debug|Any CPU
		{3A23D3E3-DACF-417C-8711-31935C5D053D}.Debug|Any CPU.Build.0 = Debug|Any CPU
		{3A23D3E3-DACF-417C-8711-31935C5D053D}.Release|Any CPU.ActiveCfg = Release|Any CPU
		{3A23D3E3-DACF-417C-8711-31935C5D053D}.Release|Any CPU.Build.0 = Release|Any CPU
		{EBC2DAA1-0E19-4D23-B544-245A765DB350}.Debug|Any CPU.ActiveCfg = Debug|Any CPU
		{EBC2DAA1-0E19-4D23-B544-245A765DB350}.Debug|Any CPU.Build.0 = Debug|Any CPU
		{EBC2DAA1-0E19-4D23-B544-245A765DB350}.Release|Any CPU.ActiveCfg = Release|Any CPU
		{EBC2DAA1-0E19-4D23-B544-245A765DB350}.Release|Any CPU.Build.0 = Release|Any CPU
		{6F19D5A4-8057-46C3-9CF4-4B6581FD8F39}.Debug|Any CPU.ActiveCfg = Debug|Any CPU
		{6F19D5A4-8057-46C3-9CF4-4B6581FD8F39}.Debug|Any CPU.Build.0 = Debug|Any CPU
		{6F19D5A4-8057-46C3-9CF4-4B6581FD8F39}.Release|Any CPU.ActiveCfg = Release|Any CPU
		{6F19D5A4-8057-46C3-9CF4-4B6581FD8F39}.Release|Any CPU.Build.0 = Release|Any CPU
	EndGlobalSection
	GlobalSection(SolutionProperties) = preSolution
		HideSolutionNode = FALSE
	EndGlobalSection
	GlobalSection(ExtensibilityGlobals) = postSolution
		SolutionGuid = {516CC7D7-4082-4C44-8C0C-2EA3C7726A3E}
	EndGlobalSection
EndGlobal
